// !$*UTF8*$!
{
	archiveVersion = 1;
	classes = {
	};
	objectVersion = 50;
	objects = {

/* Begin PBXBuildFile section */
		E40AAD0025AFAFE2007763DC /* ConvenienceExtensions.swift in Sources */ = {isa = PBXBuildFile; fileRef = E40AACFF25AFAFE2007763DC /* ConvenienceExtensions.swift */; };
		E40AAD1425AFB870007763DC /* AnimeCoverView.swift in Sources */ = {isa = PBXBuildFile; fileRef = E40AAD1325AFB870007763DC /* AnimeCoverView.swift */; };
		E40AAD1925AFB8AF007763DC /* ImageProvider.swift in Sources */ = {isa = PBXBuildFile; fileRef = E40AAD1825AFB8AF007763DC /* ImageProvider.swift */; };
		E40CBBF325B648DC0005BB31 /* Cache.swift in Sources */ = {isa = PBXBuildFile; fileRef = E40CBBF225B648DC0005BB31 /* Cache.swift */; };
		E4191D3F25B0327C00F43158 /* RatingMiniView.swift in Sources */ = {isa = PBXBuildFile; fileRef = E4191D3E25B0327C00F43158 /* RatingMiniView.swift */; };
		E4455A5325AF9BA700166515 /* AnimeApp.swift in Sources */ = {isa = PBXBuildFile; fileRef = E4455A5225AF9BA700166515 /* AnimeApp.swift */; };
		E4455A5725AF9BAA00166515 /* Assets.xcassets in Resources */ = {isa = PBXBuildFile; fileRef = E4455A5625AF9BAA00166515 /* Assets.xcassets */; };
		E4455A5A25AF9BAA00166515 /* Preview Assets.xcassets in Resources */ = {isa = PBXBuildFile; fileRef = E4455A5925AF9BAA00166515 /* Preview Assets.xcassets */; };
		E4455A6525AF9BAA00166515 /* AnimeTests.swift in Sources */ = {isa = PBXBuildFile; fileRef = E4455A6425AF9BAA00166515 /* AnimeTests.swift */; };
		E4455A7025AF9BAA00166515 /* AnimeUITests.swift in Sources */ = {isa = PBXBuildFile; fileRef = E4455A6F25AF9BAA00166515 /* AnimeUITests.swift */; };
		E4455A8125AF9BDA00166515 /* AnimeSearchProvider.swift in Sources */ = {isa = PBXBuildFile; fileRef = E4455A8025AF9BDA00166515 /* AnimeSearchProvider.swift */; };
		E4455A8625AF9C9500166515 /* Anime.swift in Sources */ = {isa = PBXBuildFile; fileRef = E4455A8525AF9C9500166515 /* Anime.swift */; };
		E4455A8E25AFA20D00166515 /* AnimeType.swift in Sources */ = {isa = PBXBuildFile; fileRef = E4455A8D25AFA20D00166515 /* AnimeType.swift */; };
		E4455A9325AFA4ED00166515 /* RemoteSearchProvider.swift in Sources */ = {isa = PBXBuildFile; fileRef = E4455A9225AFA4ED00166515 /* RemoteSearchProvider.swift */; };
		E4455A9E25AFA8E900166515 /* SearchView.swift in Sources */ = {isa = PBXBuildFile; fileRef = E4455A9D25AFA8E900166515 /* SearchView.swift */; };
		E4455AA625AFA92700166515 /* SearchViewModel.swift in Sources */ = {isa = PBXBuildFile; fileRef = E4455AA525AFA92700166515 /* SearchViewModel.swift */; };
		E4A3BB3325AFC2ED0058C5D3 /* AnimeCoverViewModel.swift in Sources */ = {isa = PBXBuildFile; fileRef = E4A3BB3225AFC2ED0058C5D3 /* AnimeCoverViewModel.swift */; };
		E4A3BB3825AFCDBE0058C5D3 /* DecodingTests.swift in Sources */ = {isa = PBXBuildFile; fileRef = E4A3BB3725AFCDBE0058C5D3 /* DecodingTests.swift */; };
		E4A3BB3E25AFEC680058C5D3 /* AnimeDetailsView.swift in Sources */ = {isa = PBXBuildFile; fileRef = E4A3BB3D25AFEC680058C5D3 /* AnimeDetailsView.swift */; };
		E4A3BB4325AFEC780058C5D3 /* AnimeDetailsViewModel.swift in Sources */ = {isa = PBXBuildFile; fileRef = E4A3BB4225AFEC780058C5D3 /* AnimeDetailsViewModel.swift */; };
		E4A3BB4B25AFEE510058C5D3 /* SearchResponse.swift in Sources */ = {isa = PBXBuildFile; fileRef = E4A3BB4A25AFEE510058C5D3 /* SearchResponse.swift */; };
/* End PBXBuildFile section */

/* Begin PBXContainerItemProxy section */
		E4455A6125AF9BAA00166515 /* PBXContainerItemProxy */ = {
			isa = PBXContainerItemProxy;
			containerPortal = E4455A4725AF9BA700166515 /* Project object */;
			proxyType = 1;
			remoteGlobalIDString = E4455A4E25AF9BA700166515;
			remoteInfo = Anime;
		};
		E4455A6C25AF9BAA00166515 /* PBXContainerItemProxy */ = {
			isa = PBXContainerItemProxy;
			containerPortal = E4455A4725AF9BA700166515 /* Project object */;
			proxyType = 1;
			remoteGlobalIDString = E4455A4E25AF9BA700166515;
			remoteInfo = Anime;
		};
/* End PBXContainerItemProxy section */

/* Begin PBXFileReference section */
		E40AACFF25AFAFE2007763DC /* ConvenienceExtensions.swift */ = {isa = PBXFileReference; lastKnownFileType = sourcecode.swift; path = ConvenienceExtensions.swift; sourceTree = "<group>"; };
		E40AAD1325AFB870007763DC /* AnimeCoverView.swift */ = {isa = PBXFileReference; lastKnownFileType = sourcecode.swift; path = AnimeCoverView.swift; sourceTree = "<group>"; };
		E40AAD1825AFB8AF007763DC /* ImageProvider.swift */ = {isa = PBXFileReference; lastKnownFileType = sourcecode.swift; path = ImageProvider.swift; sourceTree = "<group>"; };
		E40CBBF225B648DC0005BB31 /* Cache.swift */ = {isa = PBXFileReference; lastKnownFileType = sourcecode.swift; path = Cache.swift; sourceTree = "<group>"; };
		E4191D3E25B0327C00F43158 /* RatingMiniView.swift */ = {isa = PBXFileReference; lastKnownFileType = sourcecode.swift; path = RatingMiniView.swift; sourceTree = "<group>"; };
		E4455A4F25AF9BA700166515 /* Anime.app */ = {isa = PBXFileReference; explicitFileType = wrapper.application; includeInIndex = 0; path = Anime.app; sourceTree = BUILT_PRODUCTS_DIR; };
		E4455A5225AF9BA700166515 /* AnimeApp.swift */ = {isa = PBXFileReference; lastKnownFileType = sourcecode.swift; path = AnimeApp.swift; sourceTree = "<group>"; };
		E4455A5625AF9BAA00166515 /* Assets.xcassets */ = {isa = PBXFileReference; lastKnownFileType = folder.assetcatalog; path = Assets.xcassets; sourceTree = "<group>"; };
		E4455A5925AF9BAA00166515 /* Preview Assets.xcassets */ = {isa = PBXFileReference; lastKnownFileType = folder.assetcatalog; path = "Preview Assets.xcassets"; sourceTree = "<group>"; };
		E4455A5B25AF9BAA00166515 /* Info.plist */ = {isa = PBXFileReference; lastKnownFileType = text.plist.xml; path = Info.plist; sourceTree = "<group>"; };
		E4455A6025AF9BAA00166515 /* AnimeTests.xctest */ = {isa = PBXFileReference; explicitFileType = wrapper.cfbundle; includeInIndex = 0; path = AnimeTests.xctest; sourceTree = BUILT_PRODUCTS_DIR; };
		E4455A6425AF9BAA00166515 /* AnimeTests.swift */ = {isa = PBXFileReference; lastKnownFileType = sourcecode.swift; path = AnimeTests.swift; sourceTree = "<group>"; };
		E4455A6625AF9BAA00166515 /* Info.plist */ = {isa = PBXFileReference; lastKnownFileType = text.plist.xml; path = Info.plist; sourceTree = "<group>"; };
		E4455A6B25AF9BAA00166515 /* AnimeUITests.xctest */ = {isa = PBXFileReference; explicitFileType = wrapper.cfbundle; includeInIndex = 0; path = AnimeUITests.xctest; sourceTree = BUILT_PRODUCTS_DIR; };
		E4455A6F25AF9BAA00166515 /* AnimeUITests.swift */ = {isa = PBXFileReference; lastKnownFileType = sourcecode.swift; path = AnimeUITests.swift; sourceTree = "<group>"; };
		E4455A7125AF9BAA00166515 /* Info.plist */ = {isa = PBXFileReference; lastKnownFileType = text.plist.xml; path = Info.plist; sourceTree = "<group>"; };
		E4455A8025AF9BDA00166515 /* AnimeSearchProvider.swift */ = {isa = PBXFileReference; lastKnownFileType = sourcecode.swift; path = AnimeSearchProvider.swift; sourceTree = "<group>"; };
		E4455A8525AF9C9500166515 /* Anime.swift */ = {isa = PBXFileReference; lastKnownFileType = sourcecode.swift; path = Anime.swift; sourceTree = "<group>"; };
		E4455A8D25AFA20D00166515 /* AnimeType.swift */ = {isa = PBXFileReference; lastKnownFileType = sourcecode.swift; path = AnimeType.swift; sourceTree = "<group>"; };
		E4455A9225AFA4ED00166515 /* RemoteSearchProvider.swift */ = {isa = PBXFileReference; lastKnownFileType = sourcecode.swift; path = RemoteSearchProvider.swift; sourceTree = "<group>"; };
		E4455A9D25AFA8E900166515 /* SearchView.swift */ = {isa = PBXFileReference; lastKnownFileType = sourcecode.swift; path = SearchView.swift; sourceTree = "<group>"; };
		E4455AA525AFA92700166515 /* SearchViewModel.swift */ = {isa = PBXFileReference; lastKnownFileType = sourcecode.swift; path = SearchViewModel.swift; sourceTree = "<group>"; };
		E4A3BB3225AFC2ED0058C5D3 /* AnimeCoverViewModel.swift */ = {isa = PBXFileReference; lastKnownFileType = sourcecode.swift; path = AnimeCoverViewModel.swift; sourceTree = "<group>"; };
		E4A3BB3725AFCDBE0058C5D3 /* DecodingTests.swift */ = {isa = PBXFileReference; lastKnownFileType = sourcecode.swift; path = DecodingTests.swift; sourceTree = "<group>"; };
		E4A3BB3D25AFEC680058C5D3 /* AnimeDetailsView.swift */ = {isa = PBXFileReference; lastKnownFileType = sourcecode.swift; path = AnimeDetailsView.swift; sourceTree = "<group>"; };
		E4A3BB4225AFEC780058C5D3 /* AnimeDetailsViewModel.swift */ = {isa = PBXFileReference; lastKnownFileType = sourcecode.swift; path = AnimeDetailsViewModel.swift; sourceTree = "<group>"; };
		E4A3BB4A25AFEE510058C5D3 /* SearchResponse.swift */ = {isa = PBXFileReference; lastKnownFileType = sourcecode.swift; path = SearchResponse.swift; sourceTree = "<group>"; };
/* End PBXFileReference section */

/* Begin PBXFrameworksBuildPhase section */
		E4455A4C25AF9BA700166515 /* Frameworks */ = {
			isa = PBXFrameworksBuildPhase;
			buildActionMask = 2147483647;
			files = (
			);
			runOnlyForDeploymentPostprocessing = 0;
		};
		E4455A5D25AF9BAA00166515 /* Frameworks */ = {
			isa = PBXFrameworksBuildPhase;
			buildActionMask = 2147483647;
			files = (
			);
			runOnlyForDeploymentPostprocessing = 0;
		};
		E4455A6825AF9BAA00166515 /* Frameworks */ = {
			isa = PBXFrameworksBuildPhase;
			buildActionMask = 2147483647;
			files = (
			);
			runOnlyForDeploymentPostprocessing = 0;
		};
/* End PBXFrameworksBuildPhase section */

/* Begin PBXGroup section */
		E40AAD0925AFB7E2007763DC /* Views */ = {
			isa = PBXGroup;
			children = (
				E4455AAA25AFA93C00166515 /* Search View */,
				E4A3BB3C25AFEC3E0058C5D3 /* Anime Details View */,
				E40AAD2225AFBAC3007763DC /* Cover View */,
			);
			path = Views;
			sourceTree = "<group>";
		};
		E40AAD2225AFBAC3007763DC /* Cover View */ = {
			isa = PBXGroup;
			children = (
				E40AAD1325AFB870007763DC /* AnimeCoverView.swift */,
				E4A3BB3225AFC2ED0058C5D3 /* AnimeCoverViewModel.swift */,
			);
			path = "Cover View";
			sourceTree = "<group>";
		};
		E40AAD2925AFBFE5007763DC /* Networking */ = {
			isa = PBXGroup;
			children = (
				E40AAD1825AFB8AF007763DC /* ImageProvider.swift */,
				E4455A8025AF9BDA00166515 /* AnimeSearchProvider.swift */,
				E4455A9225AFA4ED00166515 /* RemoteSearchProvider.swift */,
			);
			path = Networking;
			sourceTree = "<group>";
		};
		E4191D4325B03C9800F43158 /* Subviews */ = {
			isa = PBXGroup;
			children = (
				E4191D3E25B0327C00F43158 /* RatingMiniView.swift */,
			);
			path = Subviews;
			sourceTree = "<group>";
		};
		E4455A4625AF9BA700166515 = {
			isa = PBXGroup;
			children = (
				E4455A5125AF9BA700166515 /* Anime */,
				E4455A6325AF9BAA00166515 /* AnimeTests */,
				E4455A6E25AF9BAA00166515 /* AnimeUITests */,
				E4455A5025AF9BA700166515 /* Products */,
			);
			sourceTree = "<group>";
		};
		E4455A5025AF9BA700166515 /* Products */ = {
			isa = PBXGroup;
			children = (
				E4455A4F25AF9BA700166515 /* Anime.app */,
				E4455A6025AF9BAA00166515 /* AnimeTests.xctest */,
				E4455A6B25AF9BAA00166515 /* AnimeUITests.xctest */,
			);
			name = Products;
			sourceTree = "<group>";
		};
		E4455A5125AF9BA700166515 /* Anime */ = {
			isa = PBXGroup;
			children = (
				E4455A5225AF9BA700166515 /* AnimeApp.swift */,
				E40AACFF25AFAFE2007763DC /* ConvenienceExtensions.swift */,
				E40CBBF225B648DC0005BB31 /* Cache.swift */,
				E40AAD0925AFB7E2007763DC /* Views */,
				E40AAD2925AFBFE5007763DC /* Networking */,
				E4455AAB25AFA95000166515 /* Models */,
				E4455A5625AF9BAA00166515 /* Assets.xcassets */,
				E4455A5B25AF9BAA00166515 /* Info.plist */,
				E4455A5825AF9BAA00166515 /* Preview Content */,
			);
			path = Anime;
			sourceTree = "<group>";
		};
		E4455A5825AF9BAA00166515 /* Preview Content */ = {
			isa = PBXGroup;
			children = (
				E4455A5925AF9BAA00166515 /* Preview Assets.xcassets */,
			);
			path = "Preview Content";
			sourceTree = "<group>";
		};
		E4455A6325AF9BAA00166515 /* AnimeTests */ = {
			isa = PBXGroup;
			children = (
				E4455A6425AF9BAA00166515 /* AnimeTests.swift */,
				E4A3BB3725AFCDBE0058C5D3 /* DecodingTests.swift */,
				E4455A6625AF9BAA00166515 /* Info.plist */,
			);
			path = AnimeTests;
			sourceTree = "<group>";
		};
		E4455A6E25AF9BAA00166515 /* AnimeUITests */ = {
			isa = PBXGroup;
			children = (
				E4455A6F25AF9BAA00166515 /* AnimeUITests.swift */,
				E4455A7125AF9BAA00166515 /* Info.plist */,
			);
			path = AnimeUITests;
			sourceTree = "<group>";
		};
		E4455AAA25AFA93C00166515 /* Search View */ = {
			isa = PBXGroup;
			children = (
				E4455A9D25AFA8E900166515 /* SearchView.swift */,
				E4455AA525AFA92700166515 /* SearchViewModel.swift */,
			);
			path = "Search View";
			sourceTree = "<group>";
		};
		E4455AAB25AFA95000166515 /* Models */ = {
			isa = PBXGroup;
			children = (
				E4455A8525AF9C9500166515 /* Anime.swift */,
				E4455A8D25AFA20D00166515 /* AnimeType.swift */,
				E4A3BB4A25AFEE510058C5D3 /* SearchResponse.swift */,
			);
			path = Models;
			sourceTree = "<group>";
		};
		E4A3BB3C25AFEC3E0058C5D3 /* Anime Details View */ = {
			isa = PBXGroup;
			children = (
				E4A3BB3D25AFEC680058C5D3 /* AnimeDetailsView.swift */,
				E4A3BB4225AFEC780058C5D3 /* AnimeDetailsViewModel.swift */,
				E4191D4325B03C9800F43158 /* Subviews */,
			);
			path = "Anime Details View";
			sourceTree = "<group>";
		};
/* End PBXGroup section */

/* Begin PBXNativeTarget section */
		E4455A4E25AF9BA700166515 /* Anime */ = {
			isa = PBXNativeTarget;
			buildConfigurationList = E4455A7425AF9BAA00166515 /* Build configuration list for PBXNativeTarget "Anime" */;
			buildPhases = (
				E4455A4B25AF9BA700166515 /* Sources */,
				E4455A4C25AF9BA700166515 /* Frameworks */,
				E4455A4D25AF9BA700166515 /* Resources */,
			);
			buildRules = (
			);
			dependencies = (
			);
			name = Anime;
			productName = Anime;
			productReference = E4455A4F25AF9BA700166515 /* Anime.app */;
			productType = "com.apple.product-type.application";
		};
		E4455A5F25AF9BAA00166515 /* AnimeTests */ = {
			isa = PBXNativeTarget;
			buildConfigurationList = E4455A7725AF9BAA00166515 /* Build configuration list for PBXNativeTarget "AnimeTests" */;
			buildPhases = (
				E4455A5C25AF9BAA00166515 /* Sources */,
				E4455A5D25AF9BAA00166515 /* Frameworks */,
				E4455A5E25AF9BAA00166515 /* Resources */,
			);
			buildRules = (
			);
			dependencies = (
				E4455A6225AF9BAA00166515 /* PBXTargetDependency */,
			);
			name = AnimeTests;
			productName = AnimeTests;
			productReference = E4455A6025AF9BAA00166515 /* AnimeTests.xctest */;
			productType = "com.apple.product-type.bundle.unit-test";
		};
		E4455A6A25AF9BAA00166515 /* AnimeUITests */ = {
			isa = PBXNativeTarget;
			buildConfigurationList = E4455A7A25AF9BAA00166515 /* Build configuration list for PBXNativeTarget "AnimeUITests" */;
			buildPhases = (
				E4455A6725AF9BAA00166515 /* Sources */,
				E4455A6825AF9BAA00166515 /* Frameworks */,
				E4455A6925AF9BAA00166515 /* Resources */,
			);
			buildRules = (
			);
			dependencies = (
				E4455A6D25AF9BAA00166515 /* PBXTargetDependency */,
			);
			name = AnimeUITests;
			productName = AnimeUITests;
			productReference = E4455A6B25AF9BAA00166515 /* AnimeUITests.xctest */;
			productType = "com.apple.product-type.bundle.ui-testing";
		};
/* End PBXNativeTarget section */

/* Begin PBXProject section */
		E4455A4725AF9BA700166515 /* Project object */ = {
			isa = PBXProject;
			attributes = {
				LastSwiftUpdateCheck = 1230;
				LastUpgradeCheck = 1230;
				TargetAttributes = {
					E4455A4E25AF9BA700166515 = {
						CreatedOnToolsVersion = 12.3;
					};
					E4455A5F25AF9BAA00166515 = {
						CreatedOnToolsVersion = 12.3;
						TestTargetID = E4455A4E25AF9BA700166515;
					};
					E4455A6A25AF9BAA00166515 = {
						CreatedOnToolsVersion = 12.3;
						TestTargetID = E4455A4E25AF9BA700166515;
					};
				};
			};
			buildConfigurationList = E4455A4A25AF9BA700166515 /* Build configuration list for PBXProject "Anime" */;
			compatibilityVersion = "Xcode 9.3";
			developmentRegion = en;
			hasScannedForEncodings = 0;
			knownRegions = (
				en,
				Base,
			);
			mainGroup = E4455A4625AF9BA700166515;
			productRefGroup = E4455A5025AF9BA700166515 /* Products */;
			projectDirPath = "";
			projectRoot = "";
			targets = (
				E4455A4E25AF9BA700166515 /* Anime */,
				E4455A5F25AF9BAA00166515 /* AnimeTests */,
				E4455A6A25AF9BAA00166515 /* AnimeUITests */,
			);
		};
/* End PBXProject section */

/* Begin PBXResourcesBuildPhase section */
		E4455A4D25AF9BA700166515 /* Resources */ = {
			isa = PBXResourcesBuildPhase;
			buildActionMask = 2147483647;
			files = (
				E4455A5A25AF9BAA00166515 /* Preview Assets.xcassets in Resources */,
				E4455A5725AF9BAA00166515 /* Assets.xcassets in Resources */,
			);
			runOnlyForDeploymentPostprocessing = 0;
		};
		E4455A5E25AF9BAA00166515 /* Resources */ = {
			isa = PBXResourcesBuildPhase;
			buildActionMask = 2147483647;
			files = (
			);
			runOnlyForDeploymentPostprocessing = 0;
		};
		E4455A6925AF9BAA00166515 /* Resources */ = {
			isa = PBXResourcesBuildPhase;
			buildActionMask = 2147483647;
			files = (
			);
			runOnlyForDeploymentPostprocessing = 0;
		};
/* End PBXResourcesBuildPhase section */

/* Begin PBXSourcesBuildPhase section */
		E4455A4B25AF9BA700166515 /* Sources */ = {
			isa = PBXSourcesBuildPhase;
			buildActionMask = 2147483647;
			files = (
				E4A3BB4B25AFEE510058C5D3 /* SearchResponse.swift in Sources */,
				E40AAD1925AFB8AF007763DC /* ImageProvider.swift in Sources */,
				E4455A8125AF9BDA00166515 /* AnimeSearchProvider.swift in Sources */,
				E4455AA625AFA92700166515 /* SearchViewModel.swift in Sources */,
				E40AAD1425AFB870007763DC /* AnimeCoverView.swift in Sources */,
				E4191D3F25B0327C00F43158 /* RatingMiniView.swift in Sources */,
				E4A3BB3E25AFEC680058C5D3 /* AnimeDetailsView.swift in Sources */,
				E4455A8E25AFA20D00166515 /* AnimeType.swift in Sources */,
				E4A3BB3325AFC2ED0058C5D3 /* AnimeCoverViewModel.swift in Sources */,
				E40AAD0025AFAFE2007763DC /* ConvenienceExtensions.swift in Sources */,
				E40CBBF325B648DC0005BB31 /* Cache.swift in Sources */,
				E4455A9E25AFA8E900166515 /* SearchView.swift in Sources */,
				E4455A5325AF9BA700166515 /* AnimeApp.swift in Sources */,
				E4455A9325AFA4ED00166515 /* RemoteSearchProvider.swift in Sources */,
				E4A3BB4325AFEC780058C5D3 /* AnimeDetailsViewModel.swift in Sources */,
				E4455A8625AF9C9500166515 /* Anime.swift in Sources */,
			);
			runOnlyForDeploymentPostprocessing = 0;
		};
		E4455A5C25AF9BAA00166515 /* Sources */ = {
			isa = PBXSourcesBuildPhase;
			buildActionMask = 2147483647;
			files = (
				E4A3BB3825AFCDBE0058C5D3 /* DecodingTests.swift in Sources */,
				E4455A6525AF9BAA00166515 /* AnimeTests.swift in Sources */,
			);
			runOnlyForDeploymentPostprocessing = 0;
		};
		E4455A6725AF9BAA00166515 /* Sources */ = {
			isa = PBXSourcesBuildPhase;
			buildActionMask = 2147483647;
			files = (
				E4455A7025AF9BAA00166515 /* AnimeUITests.swift in Sources */,
			);
			runOnlyForDeploymentPostprocessing = 0;
		};
/* End PBXSourcesBuildPhase section */

/* Begin PBXTargetDependency section */
		E4455A6225AF9BAA00166515 /* PBXTargetDependency */ = {
			isa = PBXTargetDependency;
			target = E4455A4E25AF9BA700166515 /* Anime */;
			targetProxy = E4455A6125AF9BAA00166515 /* PBXContainerItemProxy */;
		};
		E4455A6D25AF9BAA00166515 /* PBXTargetDependency */ = {
			isa = PBXTargetDependency;
			target = E4455A4E25AF9BA700166515 /* Anime */;
			targetProxy = E4455A6C25AF9BAA00166515 /* PBXContainerItemProxy */;
		};
/* End PBXTargetDependency section */

/* Begin XCBuildConfiguration section */
		E4455A7225AF9BAA00166515 /* Debug */ = {
			isa = XCBuildConfiguration;
			buildSettings = {
				ALWAYS_SEARCH_USER_PATHS = NO;
				CLANG_ANALYZER_NONNULL = YES;
				CLANG_ANALYZER_NUMBER_OBJECT_CONVERSION = YES_AGGRESSIVE;
				CLANG_CXX_LANGUAGE_STANDARD = "gnu++14";
				CLANG_CXX_LIBRARY = "libc++";
				CLANG_ENABLE_MODULES = YES;
				CLANG_ENABLE_OBJC_ARC = YES;
				CLANG_ENABLE_OBJC_WEAK = YES;
				CLANG_WARN_BLOCK_CAPTURE_AUTORELEASING = YES;
				CLANG_WARN_BOOL_CONVERSION = YES;
				CLANG_WARN_COMMA = YES;
				CLANG_WARN_CONSTANT_CONVERSION = YES;
				CLANG_WARN_DEPRECATED_OBJC_IMPLEMENTATIONS = YES;
				CLANG_WARN_DIRECT_OBJC_ISA_USAGE = YES_ERROR;
				CLANG_WARN_DOCUMENTATION_COMMENTS = YES;
				CLANG_WARN_EMPTY_BODY = YES;
				CLANG_WARN_ENUM_CONVERSION = YES;
				CLANG_WARN_INFINITE_RECURSION = YES;
				CLANG_WARN_INT_CONVERSION = YES;
				CLANG_WARN_NON_LITERAL_NULL_CONVERSION = YES;
				CLANG_WARN_OBJC_IMPLICIT_RETAIN_SELF = YES;
				CLANG_WARN_OBJC_LITERAL_CONVERSION = YES;
				CLANG_WARN_OBJC_ROOT_CLASS = YES_ERROR;
				CLANG_WARN_QUOTED_INCLUDE_IN_FRAMEWORK_HEADER = YES;
				CLANG_WARN_RANGE_LOOP_ANALYSIS = YES;
				CLANG_WARN_STRICT_PROTOTYPES = YES;
				CLANG_WARN_SUSPICIOUS_MOVE = YES;
				CLANG_WARN_UNGUARDED_AVAILABILITY = YES_AGGRESSIVE;
				CLANG_WARN_UNREACHABLE_CODE = YES;
				CLANG_WARN__DUPLICATE_METHOD_MATCH = YES;
				COPY_PHASE_STRIP = NO;
				DEBUG_INFORMATION_FORMAT = dwarf;
				ENABLE_STRICT_OBJC_MSGSEND = YES;
				ENABLE_TESTABILITY = YES;
				GCC_C_LANGUAGE_STANDARD = gnu11;
				GCC_DYNAMIC_NO_PIC = NO;
				GCC_NO_COMMON_BLOCKS = YES;
				GCC_OPTIMIZATION_LEVEL = 0;
				GCC_PREPROCESSOR_DEFINITIONS = (
					"DEBUG=1",
					"$(inherited)",
				);
				GCC_WARN_64_TO_32_BIT_CONVERSION = YES;
				GCC_WARN_ABOUT_RETURN_TYPE = YES_ERROR;
				GCC_WARN_UNDECLARED_SELECTOR = YES;
				GCC_WARN_UNINITIALIZED_AUTOS = YES_AGGRESSIVE;
				GCC_WARN_UNUSED_FUNCTION = YES;
				GCC_WARN_UNUSED_VARIABLE = YES;
				IPHONEOS_DEPLOYMENT_TARGET = 14.0;
				MTL_ENABLE_DEBUG_INFO = INCLUDE_SOURCE;
				MTL_FAST_MATH = YES;
				ONLY_ACTIVE_ARCH = YES;
				SDKROOT = iphoneos;
				SWIFT_ACTIVE_COMPILATION_CONDITIONS = DEBUG;
				SWIFT_OPTIMIZATION_LEVEL = "-Onone";
			};
			name = Debug;
		};
		E4455A7325AF9BAA00166515 /* Release */ = {
			isa = XCBuildConfiguration;
			buildSettings = {
				ALWAYS_SEARCH_USER_PATHS = NO;
				CLANG_ANALYZER_NONNULL = YES;
				CLANG_ANALYZER_NUMBER_OBJECT_CONVERSION = YES_AGGRESSIVE;
				CLANG_CXX_LANGUAGE_STANDARD = "gnu++14";
				CLANG_CXX_LIBRARY = "libc++";
				CLANG_ENABLE_MODULES = YES;
				CLANG_ENABLE_OBJC_ARC = YES;
				CLANG_ENABLE_OBJC_WEAK = YES;
				CLANG_WARN_BLOCK_CAPTURE_AUTORELEASING = YES;
				CLANG_WARN_BOOL_CONVERSION = YES;
				CLANG_WARN_COMMA = YES;
				CLANG_WARN_CONSTANT_CONVERSION = YES;
				CLANG_WARN_DEPRECATED_OBJC_IMPLEMENTATIONS = YES;
				CLANG_WARN_DIRECT_OBJC_ISA_USAGE = YES_ERROR;
				CLANG_WARN_DOCUMENTATION_COMMENTS = YES;
				CLANG_WARN_EMPTY_BODY = YES;
				CLANG_WARN_ENUM_CONVERSION = YES;
				CLANG_WARN_INFINITE_RECURSION = YES;
				CLANG_WARN_INT_CONVERSION = YES;
				CLANG_WARN_NON_LITERAL_NULL_CONVERSION = YES;
				CLANG_WARN_OBJC_IMPLICIT_RETAIN_SELF = YES;
				CLANG_WARN_OBJC_LITERAL_CONVERSION = YES;
				CLANG_WARN_OBJC_ROOT_CLASS = YES_ERROR;
				CLANG_WARN_QUOTED_INCLUDE_IN_FRAMEWORK_HEADER = YES;
				CLANG_WARN_RANGE_LOOP_ANALYSIS = YES;
				CLANG_WARN_STRICT_PROTOTYPES = YES;
				CLANG_WARN_SUSPICIOUS_MOVE = YES;
				CLANG_WARN_UNGUARDED_AVAILABILITY = YES_AGGRESSIVE;
				CLANG_WARN_UNREACHABLE_CODE = YES;
				CLANG_WARN__DUPLICATE_METHOD_MATCH = YES;
				COPY_PHASE_STRIP = NO;
				DEBUG_INFORMATION_FORMAT = "dwarf-with-dsym";
				ENABLE_NS_ASSERTIONS = NO;
				ENABLE_STRICT_OBJC_MSGSEND = YES;
				GCC_C_LANGUAGE_STANDARD = gnu11;
				GCC_NO_COMMON_BLOCKS = YES;
				GCC_WARN_64_TO_32_BIT_CONVERSION = YES;
				GCC_WARN_ABOUT_RETURN_TYPE = YES_ERROR;
				GCC_WARN_UNDECLARED_SELECTOR = YES;
				GCC_WARN_UNINITIALIZED_AUTOS = YES_AGGRESSIVE;
				GCC_WARN_UNUSED_FUNCTION = YES;
				GCC_WARN_UNUSED_VARIABLE = YES;
				IPHONEOS_DEPLOYMENT_TARGET = 14.0;
				MTL_ENABLE_DEBUG_INFO = NO;
				MTL_FAST_MATH = YES;
				SDKROOT = iphoneos;
				SWIFT_COMPILATION_MODE = wholemodule;
				SWIFT_OPTIMIZATION_LEVEL = "-O";
				VALIDATE_PRODUCT = YES;
			};
			name = Release;
		};
		E4455A7525AF9BAA00166515 /* Debug */ = {
			isa = XCBuildConfiguration;
			buildSettings = {
				ASSETCATALOG_COMPILER_APPICON_NAME = AppIcon;
				ASSETCATALOG_COMPILER_GLOBAL_ACCENT_COLOR_NAME = AccentColor;
				CODE_SIGN_STYLE = Automatic;
				DEVELOPMENT_ASSET_PATHS = "\"Anime/Preview Content\"";
				DEVELOPMENT_TEAM = BD5L3C9JKH;
				ENABLE_PREVIEWS = YES;
				INFOPLIST_FILE = Anime/Info.plist;
				IPHONEOS_DEPLOYMENT_TARGET = 14.0;
				LD_RUNPATH_SEARCH_PATHS = (
					"$(inherited)",
					"@executable_path/Frameworks",
				);
				PRODUCT_BUNDLE_IDENTIFIER = "com.riley-williams.Anime";
				PRODUCT_NAME = "$(TARGET_NAME)";
				SWIFT_VERSION = 5.0;
				TARGETED_DEVICE_FAMILY = "1,2";
			};
			name = Debug;
		};
		E4455A7625AF9BAA00166515 /* Release */ = {
			isa = XCBuildConfiguration;
			buildSettings = {
				ASSETCATALOG_COMPILER_APPICON_NAME = AppIcon;
				ASSETCATALOG_COMPILER_GLOBAL_ACCENT_COLOR_NAME = AccentColor;
				CODE_SIGN_STYLE = Automatic;
				DEVELOPMENT_ASSET_PATHS = "\"Anime/Preview Content\"";
				DEVELOPMENT_TEAM = BD5L3C9JKH;
				ENABLE_PREVIEWS = YES;
				INFOPLIST_FILE = Anime/Info.plist;
				IPHONEOS_DEPLOYMENT_TARGET = 14.0;
				LD_RUNPATH_SEARCH_PATHS = (
					"$(inherited)",
					"@executable_path/Frameworks",
				);
				PRODUCT_BUNDLE_IDENTIFIER = "com.riley-williams.Anime";
				PRODUCT_NAME = "$(TARGET_NAME)";
				SWIFT_VERSION = 5.0;
				TARGETED_DEVICE_FAMILY = "1,2";
			};
			name = Release;
		};
		E4455A7825AF9BAA00166515 /* Debug */ = {
			isa = XCBuildConfiguration;
			buildSettings = {
				ALWAYS_EMBED_SWIFT_STANDARD_LIBRARIES = YES;
				BUNDLE_LOADER = "$(TEST_HOST)";
				CODE_SIGN_STYLE = Automatic;
				DEVELOPMENT_TEAM = BD5L3C9JKH;
				INFOPLIST_FILE = AnimeTests/Info.plist;
				IPHONEOS_DEPLOYMENT_TARGET = 14.0;
				LD_RUNPATH_SEARCH_PATHS = (
					"$(inherited)",
					"@executable_path/Frameworks",
					"@loader_path/Frameworks",
				);
				PRODUCT_BUNDLE_IDENTIFIER = "com.riley-williams.AnimeTests";
				PRODUCT_NAME = "$(TARGET_NAME)";
				SWIFT_VERSION = 5.0;
				TARGETED_DEVICE_FAMILY = "1,2";
				TEST_HOST = "$(BUILT_PRODUCTS_DIR)/Anime.app/Anime";
			};
			name = Debug;
		};
		E4455A7925AF9BAA00166515 /* Release */ = {
			isa = XCBuildConfiguration;
			buildSettings = {
				ALWAYS_EMBED_SWIFT_STANDARD_LIBRARIES = YES;
				BUNDLE_LOADER = "$(TEST_HOST)";
				CODE_SIGN_STYLE = Automatic;
				DEVELOPMENT_TEAM = BD5L3C9JKH;
				INFOPLIST_FILE = AnimeTests/Info.plist;
				IPHONEOS_DEPLOYMENT_TARGET = 14.0;
				LD_RUNPATH_SEARCH_PATHS = (
					"$(inherited)",
					"@executable_path/Frameworks",
					"@loader_path/Frameworks",
				);
				PRODUCT_BUNDLE_IDENTIFIER = "com.riley-williams.AnimeTests";
				PRODUCT_NAME = "$(TARGET_NAME)";
				SWIFT_VERSION = 5.0;
				TARGETED_DEVICE_FAMILY = "1,2";
				TEST_HOST = "$(BUILT_PRODUCTS_DIR)/Anime.app/Anime";
			};
			name = Release;
		};
		E4455A7B25AF9BAA00166515 /* Debug */ = {
			isa = XCBuildConfiguration;
			buildSettings = {
				ALWAYS_EMBED_SWIFT_STANDARD_LIBRARIES = YES;
				CODE_SIGN_STYLE = Automatic;
				DEVELOPMENT_TEAM = BD5L3C9JKH;
				INFOPLIST_FILE = AnimeUITests/Info.plist;
				LD_RUNPATH_SEARCH_PATHS = (
					"$(inherited)",
					"@executable_path/Frameworks",
					"@loader_path/Frameworks",
				);
				PRODUCT_BUNDLE_IDENTIFIER = "com.riley-williams.AnimeUITests";
				PRODUCT_NAME = "$(TARGET_NAME)";
				SWIFT_VERSION = 5.0;
				TARGETED_DEVICE_FAMILY = "1,2";
				TEST_TARGET_NAME = Anime;
			};
			name = Debug;
		};
		E4455A7C25AF9BAA00166515 /* Release */ = {
			isa = XCBuildConfiguration;
			buildSettings = {
				ALWAYS_EMBED_SWIFT_STANDARD_LIBRARIES = YES;
				CODE_SIGN_STYLE = Automatic;
				DEVELOPMENT_TEAM = BD5L3C9JKH;
				INFOPLIST_FILE = AnimeUITests/Info.plist;
				LD_RUNPATH_SEARCH_PATHS = (
					"$(inherited)",
					"@executable_path/Frameworks",
					"@loader_path/Frameworks",
				);
				PRODUCT_BUNDLE_IDENTIFIER = "com.riley-williams.AnimeUITests";
				PRODUCT_NAME = "$(TARGET_NAME)";
				SWIFT_VERSION = 5.0;
				TARGETED_DEVICE_FAMILY = "1,2";
				TEST_TARGET_NAME = Anime;
			};
			name = Release;
		};
/* End XCBuildConfiguration section */

/* Begin XCConfigurationList section */
		E4455A4A25AF9BA700166515 /* Build configuration list for PBXProject "Anime" */ = {
			isa = XCConfigurationList;
			buildConfigurations = (
				E4455A7225AF9BAA00166515 /* Debug */,
				E4455A7325AF9BAA00166515 /* Release */,
			);
			defaultConfigurationIsVisible = 0;
			defaultConfigurationName = Release;
		};
		E4455A7425AF9BAA00166515 /* Build configuration list for PBXNativeTarget "Anime" */ = {
			isa = XCConfigurationList;
			buildConfigurations = (
				E4455A7525AF9BAA00166515 /* Debug */,
				E4455A7625AF9BAA00166515 /* Release */,
			);
			defaultConfigurationIsVisible = 0;
			defaultConfigurationName = Release;
		};
		E4455A7725AF9BAA00166515 /* Build configuration list for PBXNativeTarget "AnimeTests" */ = {
			isa = XCConfigurationList;
			buildConfigurations = (
				E4455A7825AF9BAA00166515 /* Debug */,
				E4455A7925AF9BAA00166515 /* Release */,
			);
			defaultConfigurationIsVisible = 0;
			defaultConfigurationName = Release;
		};
		E4455A7A25AF9BAA00166515 /* Build configuration list for PBXNativeTarget "AnimeUITests" */ = {
			isa = XCConfigurationList;
			buildConfigurations = (
				E4455A7B25AF9BAA00166515 /* Debug */,
				E4455A7C25AF9BAA00166515 /* Release */,
			);
			defaultConfigurationIsVisible = 0;
			defaultConfigurationName = Release;
		};
/* End XCConfigurationList section */
	};
	rootObject = E4455A4725AF9BA700166515 /* Project object */;
}
